
Microsoft Visual Studio Solution File, Format Version 12.00
# Visual Studio Version 17
VisualStudioVersion = 17.5.33516.290
MinimumVisualStudioVersion = 10.0.40219.1
Project("{FAE04EC0-301F-11D3-BF4B-00C04F79EFBC}") = "Pertemuan1", "Pertemuan1\Pertemuan1.csproj", "{1A93938B-E444-4523-8BA7-3A3CF958FFD5}"
EndProject
Global
	GlobalSection(SolutionConfigurationPlatforms) = preSolution
		Debug|Any CPU = Debug|Any CPU
		Release|Any CPU = Release|Any CPU
	EndGlobalSection
	GlobalSection(ProjectConfigurationPlatforms) = postSolution
		{1A93938B-E444-4523-8BA7-3A3CF958FFD5}.Debug|Any CPU.ActiveCfg = Debug|Any CPU
		{1A93938B-E444-4523-8BA7-3A3CF958FFD5}.Debug|Any CPU.Build.0 = Debug|Any CPU
		{1A93938B-E444-4523-8BA7-3A3CF958FFD5}.Release|Any CPU.ActiveCfg = Release|Any CPU
		{1A93938B-E444-4523-8BA7-3A3CF958FFD5}.Release|Any CPU.Build.0 = Release|Any CPU
	EndGlobalSection
	GlobalSection(SolutionProperties) = preSolution
		HideSolutionNode = FALSE
	EndGlobalSection
	GlobalSection(ExtensibilityGlobals) = postSolution
		SolutionGuid = {8F63E829-5E94-4CD5-B836-CBCA2526DB74}
	EndGlobalSection
EndGlobal
